
Microsoft Visual Studio Solution File, Format Version 12.00
# Visual Studio Version 17
VisualStudioVersion = 17.11.35312.102
MinimumVisualStudioVersion = 10.0.40219.1
Project("{9A19103F-16F7-4668-BE54-9A1E7A4F7556}") = "Organizationweb", "Organizationweb.csproj", "{07F1620F-AC26-4F5B-B573-55ABD37D39A0}"
EndProject
Global
	GlobalSection(SolutionConfigurationPlatforms) = preSolution
		Debug|Any CPU = Debug|Any CPU
		Release|Any CPU = Release|Any CPU
	EndGlobalSection
	GlobalSection(ProjectConfigurationPlatforms) = postSolution
		{07F1620F-AC26-4F5B-B573-55ABD37D39A0}.Debug|Any CPU.ActiveCfg = Debug|Any CPU
		{07F1620F-AC26-4F5B-B573-55ABD37D39A0}.Debug|Any CPU.Build.0 = Debug|Any CPU
		{07F1620F-AC26-4F5B-B573-55ABD37D39A0}.Release|Any CPU.ActiveCfg = Release|Any CPU
		{07F1620F-AC26-4F5B-B573-55ABD37D39A0}.Release|Any CPU.Build.0 = Release|Any CPU
	EndGlobalSection
	GlobalSection(SolutionProperties) = preSolution
		HideSolutionNode = FALSE
	EndGlobalSection
	GlobalSection(ExtensibilityGlobals) = postSolution
		SolutionGuid = {A202EFE5-512D-42D0-87F6-4BA6EB3F6A0F}
	EndGlobalSection
EndGlobal
